
Microsoft Visual Studio Solution File, Format Version 12.00
# Visual Studio Version 16
VisualStudioVersion = 16.0.33423.256
MinimumVisualStudioVersion = 10.0.40219.1
Project("{FAE04EC0-301F-11D3-BF4B-00C04F79EFBC}") = "Agencia Turismo", "Agencia Turismo.csproj", "{4DA251D0-BFF5-4D80-83C9-4A5F91B40EF1}"
EndProject
Global
	GlobalSection(SolutionConfigurationPlatforms) = preSolution
		Debug|Any CPU = Debug|Any CPU
		Release|Any CPU = Release|Any CPU
	EndGlobalSection
	GlobalSection(ProjectConfigurationPlatforms) = postSolution
		{4DA251D0-BFF5-4D80-83C9-4A5F91B40EF1}.Debug|Any CPU.ActiveCfg = Debug|Any CPU
		{4DA251D0-BFF5-4D80-83C9-4A5F91B40EF1}.Debug|Any CPU.Build.0 = Debug|Any CPU
		{4DA251D0-BFF5-4D80-83C9-4A5F91B40EF1}.Release|Any CPU.ActiveCfg = Release|Any CPU
		{4DA251D0-BFF5-4D80-83C9-4A5F91B40EF1}.Release|Any CPU.Build.0 = Release|Any CPU
	EndGlobalSection
	GlobalSection(SolutionProperties) = preSolution
		HideSolutionNode = FALSE
	EndGlobalSection
	GlobalSection(ExtensibilityGlobals) = postSolution
		SolutionGuid = {90043A4E-7380-429E-A1BC-49B9BCD61584}
	EndGlobalSection
EndGlobal
